// !$*UTF8*$!
{
	archiveVersion = 1;
	classes = {
	};
	objectVersion = 50;
	objects = {

/* Begin PBXBuildFile section */
		CA47CF1F23831A0400BB1DA6 /* WorkoutHistoryListScreen.swift in Sources */ = {isa = PBXBuildFile; fileRef = CA47CF1E23831A0400BB1DA6 /* WorkoutHistoryListScreen.swift */; };
		CA47CF2123831B2000BB1DA6 /* WorkoutHistoryCell.swift in Sources */ = {isa = PBXBuildFile; fileRef = CA47CF2023831B2000BB1DA6 /* WorkoutHistoryCell.swift */; };
		CA47CF2323831B9E00BB1DA6 /* WorkoutHistory.swift in Sources */ = {isa = PBXBuildFile; fileRef = CA47CF2223831B9E00BB1DA6 /* WorkoutHistory.swift */; };
		CA47CF2B2383288A00BB1DA6 /* LiftHistoryScreen.swift in Sources */ = {isa = PBXBuildFile; fileRef = CA47CF2A2383288A00BB1DA6 /* LiftHistoryScreen.swift */; };
		CA47CF2D238328D600BB1DA6 /* LiftHistoryCell.swift in Sources */ = {isa = PBXBuildFile; fileRef = CA47CF2C238328D600BB1DA6 /* LiftHistoryCell.swift */; };
		CA47CF2F2383297300BB1DA6 /* LiftHistory.swift in Sources */ = {isa = PBXBuildFile; fileRef = CA47CF2E2383297300BB1DA6 /* LiftHistory.swift */; };
		CA985EDA2395D72E00450921 /* LiftScreen.swift in Sources */ = {isa = PBXBuildFile; fileRef = CA985ED92395D72E00450921 /* LiftScreen.swift */; };
		CAC0DACA2375F5CC00A04BF6 /* RoundButton.swift in Sources */ = {isa = PBXBuildFile; fileRef = CAC0DAC92375F5CC00A04BF6 /* RoundButton.swift */; };
		CAC278FF237CDAA1000E9AE4 /* LiftListScreen.swift in Sources */ = {isa = PBXBuildFile; fileRef = CAC278FE237CDAA1000E9AE4 /* LiftListScreen.swift */; };
		CAC27901237CDF32000E9AE4 /* LiftCell.swift in Sources */ = {isa = PBXBuildFile; fileRef = CAC27900237CDF32000E9AE4 /* LiftCell.swift */; };
		CAC27903237CDF9E000E9AE4 /* Lift.swift in Sources */ = {isa = PBXBuildFile; fileRef = CAC27902237CDF9E000E9AE4 /* Lift.swift */; };
		CAC27907237CE51E000E9AE4 /* TemplateListScreen.swift in Sources */ = {isa = PBXBuildFile; fileRef = CAC27906237CE51E000E9AE4 /* TemplateListScreen.swift */; };
		CAC2790B237CE8BD000E9AE4 /* TemplateCell.swift in Sources */ = {isa = PBXBuildFile; fileRef = CAC2790A237CE8BD000E9AE4 /* TemplateCell.swift */; };
		CAC2790D237CE9F2000E9AE4 /* WorkoutTemplate.swift in Sources */ = {isa = PBXBuildFile; fileRef = CAC2790C237CE9F2000E9AE4 /* WorkoutTemplate.swift */; };
		CADC0A3C2395970900CD028A /* RMcalculatorViewController.swift in Sources */ = {isa = PBXBuildFile; fileRef = CADC0A3B2395970900CD028A /* RMcalculatorViewController.swift */; };
		CADC0A3E239597E100CD028A /* WorkoutLift.swift in Sources */ = {isa = PBXBuildFile; fileRef = CADC0A3D239597E100CD028A /* WorkoutLift.swift */; };
		CADC0A402395980100CD028A /* WorkoutLiftCell.swift in Sources */ = {isa = PBXBuildFile; fileRef = CADC0A3F2395980100CD028A /* WorkoutLiftCell.swift */; };
		CADC0A422395983800CD028A /* WorkoutScreen.swift in Sources */ = {isa = PBXBuildFile; fileRef = CADC0A412395983800CD028A /* WorkoutScreen.swift */; };
		CADC0A4423959C5D00CD028A /* AddNewLiftScreen.swift in Sources */ = {isa = PBXBuildFile; fileRef = CADC0A4323959C5D00CD028A /* AddNewLiftScreen.swift */; };
		F23731452396018500D947AF /* EndShare.swift in Sources */ = {isa = PBXBuildFile; fileRef = F23731442396018500D947AF /* EndShare.swift */; };
		F2C3B61C2370A3C80094F16B /* AppDelegate.swift in Sources */ = {isa = PBXBuildFile; fileRef = F2C3B61B2370A3C80094F16B /* AppDelegate.swift */; };
		F2C3B61E2370A3C80094F16B /* SceneDelegate.swift in Sources */ = {isa = PBXBuildFile; fileRef = F2C3B61D2370A3C80094F16B /* SceneDelegate.swift */; };
		F2C3B6232370A3C80094F16B /* Main.storyboard in Resources */ = {isa = PBXBuildFile; fileRef = F2C3B6212370A3C80094F16B /* Main.storyboard */; };
		F2C3B6252370A3C90094F16B /* Assets.xcassets in Resources */ = {isa = PBXBuildFile; fileRef = F2C3B6242370A3C90094F16B /* Assets.xcassets */; };
		F2C3B6282370A3C90094F16B /* LaunchScreen.storyboard in Resources */ = {isa = PBXBuildFile; fileRef = F2C3B6262370A3C90094F16B /* LaunchScreen.storyboard */; };
		F2C3B6332370A3CA0094F16B /* PRESSUIStuffTests.swift in Sources */ = {isa = PBXBuildFile; fileRef = F2C3B6322370A3CA0094F16B /* PRESSUIStuffTests.swift */; };
		F2C3B63E2370A3CA0094F16B /* PRESSUIStuffUITests.swift in Sources */ = {isa = PBXBuildFile; fileRef = F2C3B63D2370A3CA0094F16B /* PRESSUIStuffUITests.swift */; };
/* End PBXBuildFile section */

/* Begin PBXContainerItemProxy section */
		F2C3B62F2370A3CA0094F16B /* PBXContainerItemProxy */ = {
			isa = PBXContainerItemProxy;
			containerPortal = F2C3B6102370A3C80094F16B /* Project object */;
			proxyType = 1;
			remoteGlobalIDString = F2C3B6172370A3C80094F16B;
			remoteInfo = PRESSUIStuff;
		};
		F2C3B63A2370A3CA0094F16B /* PBXContainerItemProxy */ = {
			isa = PBXContainerItemProxy;
			containerPortal = F2C3B6102370A3C80094F16B /* Project object */;
			proxyType = 1;
			remoteGlobalIDString = F2C3B6172370A3C80094F16B;
			remoteInfo = PRESSUIStuff;
		};
/* End PBXContainerItemProxy section */

/* Begin PBXFileReference section */
		CA47CF1E23831A0400BB1DA6 /* WorkoutHistoryListScreen.swift */ = {isa = PBXFileReference; lastKnownFileType = sourcecode.swift; name = WorkoutHistoryListScreen.swift; path = ../WorkoutHistoryListScreen.swift; sourceTree = "<group>"; };
		CA47CF2023831B2000BB1DA6 /* WorkoutHistoryCell.swift */ = {isa = PBXFileReference; lastKnownFileType = sourcecode.swift; path = WorkoutHistoryCell.swift; sourceTree = "<group>"; };
		CA47CF2223831B9E00BB1DA6 /* WorkoutHistory.swift */ = {isa = PBXFileReference; lastKnownFileType = sourcecode.swift; path = WorkoutHistory.swift; sourceTree = "<group>"; };
		CA47CF2A2383288A00BB1DA6 /* LiftHistoryScreen.swift */ = {isa = PBXFileReference; lastKnownFileType = sourcecode.swift; path = LiftHistoryScreen.swift; sourceTree = "<group>"; };
		CA47CF2C238328D600BB1DA6 /* LiftHistoryCell.swift */ = {isa = PBXFileReference; lastKnownFileType = sourcecode.swift; path = LiftHistoryCell.swift; sourceTree = "<group>"; };
		CA47CF2E2383297300BB1DA6 /* LiftHistory.swift */ = {isa = PBXFileReference; lastKnownFileType = sourcecode.swift; path = LiftHistory.swift; sourceTree = "<group>"; };
		CA985ED92395D72E00450921 /* LiftScreen.swift */ = {isa = PBXFileReference; lastKnownFileType = sourcecode.swift; path = LiftScreen.swift; sourceTree = "<group>"; };
		CAC0DAC92375F5CC00A04BF6 /* RoundButton.swift */ = {isa = PBXFileReference; lastKnownFileType = sourcecode.swift; path = RoundButton.swift; sourceTree = "<group>"; };
		CAC278FE237CDAA1000E9AE4 /* LiftListScreen.swift */ = {isa = PBXFileReference; lastKnownFileType = sourcecode.swift; path = LiftListScreen.swift; sourceTree = "<group>"; };
		CAC27900237CDF32000E9AE4 /* LiftCell.swift */ = {isa = PBXFileReference; lastKnownFileType = sourcecode.swift; path = LiftCell.swift; sourceTree = "<group>"; };
		CAC27902237CDF9E000E9AE4 /* Lift.swift */ = {isa = PBXFileReference; lastKnownFileType = sourcecode.swift; path = Lift.swift; sourceTree = "<group>"; };
		CAC27906237CE51E000E9AE4 /* TemplateListScreen.swift */ = {isa = PBXFileReference; lastKnownFileType = sourcecode.swift; path = TemplateListScreen.swift; sourceTree = "<group>"; };
		CAC2790A237CE8BD000E9AE4 /* TemplateCell.swift */ = {isa = PBXFileReference; lastKnownFileType = sourcecode.swift; path = TemplateCell.swift; sourceTree = "<group>"; };
		CAC2790C237CE9F2000E9AE4 /* WorkoutTemplate.swift */ = {isa = PBXFileReference; lastKnownFileType = sourcecode.swift; path = WorkoutTemplate.swift; sourceTree = "<group>"; };
		CADC0A3B2395970900CD028A /* RMcalculatorViewController.swift */ = {isa = PBXFileReference; lastKnownFileType = sourcecode.swift; path = RMcalculatorViewController.swift; sourceTree = "<group>"; };
		CADC0A3D239597E100CD028A /* WorkoutLift.swift */ = {isa = PBXFileReference; lastKnownFileType = sourcecode.swift; path = WorkoutLift.swift; sourceTree = "<group>"; };
		CADC0A3F2395980100CD028A /* WorkoutLiftCell.swift */ = {isa = PBXFileReference; lastKnownFileType = sourcecode.swift; path = WorkoutLiftCell.swift; sourceTree = "<group>"; };
		CADC0A412395983800CD028A /* WorkoutScreen.swift */ = {isa = PBXFileReference; lastKnownFileType = sourcecode.swift; path = WorkoutScreen.swift; sourceTree = "<group>"; };
		CADC0A4323959C5D00CD028A /* AddNewLiftScreen.swift */ = {isa = PBXFileReference; lastKnownFileType = sourcecode.swift; path = AddNewLiftScreen.swift; sourceTree = "<group>"; };
		F23731442396018500D947AF /* EndShare.swift */ = {isa = PBXFileReference; lastKnownFileType = sourcecode.swift; name = EndShare.swift; path = PRESSUIStuff/EndShare.swift; sourceTree = "<group>"; };
		F2C3B6182370A3C80094F16B /* PRESSUIStuff.app */ = {isa = PBXFileReference; explicitFileType = wrapper.application; includeInIndex = 0; path = PRESSUIStuff.app; sourceTree = BUILT_PRODUCTS_DIR; };
		F2C3B61B2370A3C80094F16B /* AppDelegate.swift */ = {isa = PBXFileReference; lastKnownFileType = sourcecode.swift; path = AppDelegate.swift; sourceTree = "<group>"; };
		F2C3B61D2370A3C80094F16B /* SceneDelegate.swift */ = {isa = PBXFileReference; lastKnownFileType = sourcecode.swift; path = SceneDelegate.swift; sourceTree = "<group>"; };
		F2C3B6222370A3C80094F16B /* Base */ = {isa = PBXFileReference; lastKnownFileType = file.storyboard; name = Base; path = Base.lproj/Main.storyboard; sourceTree = "<group>"; };
		F2C3B6242370A3C90094F16B /* Assets.xcassets */ = {isa = PBXFileReference; lastKnownFileType = folder.assetcatalog; path = Assets.xcassets; sourceTree = "<group>"; };
		F2C3B6272370A3C90094F16B /* Base */ = {isa = PBXFileReference; lastKnownFileType = file.storyboard; name = Base; path = Base.lproj/LaunchScreen.storyboard; sourceTree = "<group>"; };
		F2C3B6292370A3C90094F16B /* Info.plist */ = {isa = PBXFileReference; lastKnownFileType = text.plist.xml; path = Info.plist; sourceTree = "<group>"; };
		F2C3B62E2370A3CA0094F16B /* PRESSUIStuffTests.xctest */ = {isa = PBXFileReference; explicitFileType = wrapper.cfbundle; includeInIndex = 0; path = PRESSUIStuffTests.xctest; sourceTree = BUILT_PRODUCTS_DIR; };
		F2C3B6322370A3CA0094F16B /* PRESSUIStuffTests.swift */ = {isa = PBXFileReference; lastKnownFileType = sourcecode.swift; path = PRESSUIStuffTests.swift; sourceTree = "<group>"; };
		F2C3B6342370A3CA0094F16B /* Info.plist */ = {isa = PBXFileReference; lastKnownFileType = text.plist.xml; path = Info.plist; sourceTree = "<group>"; };
		F2C3B6392370A3CA0094F16B /* PRESSUIStuffUITests.xctest */ = {isa = PBXFileReference; explicitFileType = wrapper.cfbundle; includeInIndex = 0; path = PRESSUIStuffUITests.xctest; sourceTree = BUILT_PRODUCTS_DIR; };
		F2C3B63D2370A3CA0094F16B /* PRESSUIStuffUITests.swift */ = {isa = PBXFileReference; lastKnownFileType = sourcecode.swift; path = PRESSUIStuffUITests.swift; sourceTree = "<group>"; };
		F2C3B63F2370A3CA0094F16B /* Info.plist */ = {isa = PBXFileReference; lastKnownFileType = text.plist.xml; path = Info.plist; sourceTree = "<group>"; };
/* End PBXFileReference section */

/* Begin PBXFrameworksBuildPhase section */
		F2C3B6152370A3C80094F16B /* Frameworks */ = {
			isa = PBXFrameworksBuildPhase;
			buildActionMask = 2147483647;
			files = (
			);
			runOnlyForDeploymentPostprocessing = 0;
		};
		F2C3B62B2370A3CA0094F16B /* Frameworks */ = {
			isa = PBXFrameworksBuildPhase;
			buildActionMask = 2147483647;
			files = (
			);
			runOnlyForDeploymentPostprocessing = 0;
		};
		F2C3B6362370A3CA0094F16B /* Frameworks */ = {
			isa = PBXFrameworksBuildPhase;
			buildActionMask = 2147483647;
			files = (
			);
			runOnlyForDeploymentPostprocessing = 0;
		};
/* End PBXFrameworksBuildPhase section */

/* Begin PBXGroup section */
		F2C3B60F2370A3C80094F16B = {
			isa = PBXGroup;
			children = (
				F23731442396018500D947AF /* EndShare.swift */,
				CAC0DAC92375F5CC00A04BF6 /* RoundButton.swift */,
				F2C3B61A2370A3C80094F16B /* PRESSUIStuff */,
				F2C3B6312370A3CA0094F16B /* PRESSUIStuffTests */,
				F2C3B63C2370A3CA0094F16B /* PRESSUIStuffUITests */,
				F2C3B6192370A3C80094F16B /* Products */,
			);
			sourceTree = "<group>";
		};
		F2C3B6192370A3C80094F16B /* Products */ = {
			isa = PBXGroup;
			children = (
				F2C3B6182370A3C80094F16B /* PRESSUIStuff.app */,
				F2C3B62E2370A3CA0094F16B /* PRESSUIStuffTests.xctest */,
				F2C3B6392370A3CA0094F16B /* PRESSUIStuffUITests.xctest */,
			);
			name = Products;
			sourceTree = "<group>";
		};
		F2C3B61A2370A3C80094F16B /* PRESSUIStuff */ = {
			isa = PBXGroup;
			children = (
				F2C3B61B2370A3C80094F16B /* AppDelegate.swift */,
				F2C3B61D2370A3C80094F16B /* SceneDelegate.swift */,
				F2C3B6212370A3C80094F16B /* Main.storyboard */,
				CA985ED92395D72E00450921 /* LiftScreen.swift */,
				CADC0A4323959C5D00CD028A /* AddNewLiftScreen.swift */,
				CADC0A3D239597E100CD028A /* WorkoutLift.swift */,
				CADC0A3F2395980100CD028A /* WorkoutLiftCell.swift */,
				CADC0A412395983800CD028A /* WorkoutScreen.swift */,
				CA47CF2C238328D600BB1DA6 /* LiftHistoryCell.swift */,
				CA47CF2E2383297300BB1DA6 /* LiftHistory.swift */,
				CA47CF2A2383288A00BB1DA6 /* LiftHistoryScreen.swift */,
				CA47CF2223831B9E00BB1DA6 /* WorkoutHistory.swift */,
				CA47CF2023831B2000BB1DA6 /* WorkoutHistoryCell.swift */,
				CA47CF1E23831A0400BB1DA6 /* WorkoutHistoryListScreen.swift */,
				CAC27900237CDF32000E9AE4 /* LiftCell.swift */,
				CAC27902237CDF9E000E9AE4 /* Lift.swift */,
				CAC278FE237CDAA1000E9AE4 /* LiftListScreen.swift */,
				CAC2790A237CE8BD000E9AE4 /* TemplateCell.swift */,
				CAC27906237CE51E000E9AE4 /* TemplateListScreen.swift */,
				CAC2790C237CE9F2000E9AE4 /* WorkoutTemplate.swift */,
				F2C3B6242370A3C90094F16B /* Assets.xcassets */,
				F2C3B6262370A3C90094F16B /* LaunchScreen.storyboard */,
				F2C3B6292370A3C90094F16B /* Info.plist */,
				CADC0A3B2395970900CD028A /* RMcalculatorViewController.swift */,
			);
			path = PRESSUIStuff;
			sourceTree = "<group>";
		};
		F2C3B6312370A3CA0094F16B /* PRESSUIStuffTests */ = {
			isa = PBXGroup;
			children = (
				F2C3B6322370A3CA0094F16B /* PRESSUIStuffTests.swift */,
				F2C3B6342370A3CA0094F16B /* Info.plist */,
			);
			path = PRESSUIStuffTests;
			sourceTree = "<group>";
		};
		F2C3B63C2370A3CA0094F16B /* PRESSUIStuffUITests */ = {
			isa = PBXGroup;
			children = (
				F2C3B63D2370A3CA0094F16B /* PRESSUIStuffUITests.swift */,
				F2C3B63F2370A3CA0094F16B /* Info.plist */,
			);
			path = PRESSUIStuffUITests;
			sourceTree = "<group>";
		};
/* End PBXGroup section */

/* Begin PBXNativeTarget section */
		F2C3B6172370A3C80094F16B /* PRESSUIStuff */ = {
			isa = PBXNativeTarget;
			buildConfigurationList = F2C3B6422370A3CA0094F16B /* Build configuration list for PBXNativeTarget "PRESSUIStuff" */;
			buildPhases = (
				F2C3B6142370A3C80094F16B /* Sources */,
				F2C3B6152370A3C80094F16B /* Frameworks */,
				F2C3B6162370A3C80094F16B /* Resources */,
			);
			buildRules = (
			);
			dependencies = (
			);
			name = PRESSUIStuff;
			productName = PRESSUIStuff;
			productReference = F2C3B6182370A3C80094F16B /* PRESSUIStuff.app */;
			productType = "com.apple.product-type.application";
		};
		F2C3B62D2370A3CA0094F16B /* PRESSUIStuffTests */ = {
			isa = PBXNativeTarget;
			buildConfigurationList = F2C3B6452370A3CA0094F16B /* Build configuration list for PBXNativeTarget "PRESSUIStuffTests" */;
			buildPhases = (
				F2C3B62A2370A3CA0094F16B /* Sources */,
				F2C3B62B2370A3CA0094F16B /* Frameworks */,
				F2C3B62C2370A3CA0094F16B /* Resources */,
			);
			buildRules = (
			);
			dependencies = (
				F2C3B6302370A3CA0094F16B /* PBXTargetDependency */,
			);
			name = PRESSUIStuffTests;
			productName = PRESSUIStuffTests;
			productReference = F2C3B62E2370A3CA0094F16B /* PRESSUIStuffTests.xctest */;
			productType = "com.apple.product-type.bundle.unit-test";
		};
		F2C3B6382370A3CA0094F16B /* PRESSUIStuffUITests */ = {
			isa = PBXNativeTarget;
			buildConfigurationList = F2C3B6482370A3CA0094F16B /* Build configuration list for PBXNativeTarget "PRESSUIStuffUITests" */;
			buildPhases = (
				F2C3B6352370A3CA0094F16B /* Sources */,
				F2C3B6362370A3CA0094F16B /* Frameworks */,
				F2C3B6372370A3CA0094F16B /* Resources */,
			);
			buildRules = (
			);
			dependencies = (
				F2C3B63B2370A3CA0094F16B /* PBXTargetDependency */,
			);
			name = PRESSUIStuffUITests;
			productName = PRESSUIStuffUITests;
			productReference = F2C3B6392370A3CA0094F16B /* PRESSUIStuffUITests.xctest */;
			productType = "com.apple.product-type.bundle.ui-testing";
		};
/* End PBXNativeTarget section */

/* Begin PBXProject section */
		F2C3B6102370A3C80094F16B /* Project object */ = {
			isa = PBXProject;
			attributes = {
				LastSwiftUpdateCheck = 1110;
				LastUpgradeCheck = 1110;
				ORGANIZATIONNAME = "Ettinger003 iMac2";
				TargetAttributes = {
					F2C3B6172370A3C80094F16B = {
						CreatedOnToolsVersion = 11.1;
					};
					F2C3B62D2370A3CA0094F16B = {
						CreatedOnToolsVersion = 11.1;
						TestTargetID = F2C3B6172370A3C80094F16B;
					};
					F2C3B6382370A3CA0094F16B = {
						CreatedOnToolsVersion = 11.1;
						TestTargetID = F2C3B6172370A3C80094F16B;
					};
				};
			};
			buildConfigurationList = F2C3B6132370A3C80094F16B /* Build configuration list for PBXProject "PRESSUIStuff" */;
			compatibilityVersion = "Xcode 9.3";
			developmentRegion = en;
			hasScannedForEncodings = 0;
			knownRegions = (
				en,
				Base,
			);
			mainGroup = F2C3B60F2370A3C80094F16B;
			productRefGroup = F2C3B6192370A3C80094F16B /* Products */;
			projectDirPath = "";
			projectRoot = "";
			targets = (
				F2C3B6172370A3C80094F16B /* PRESSUIStuff */,
				F2C3B62D2370A3CA0094F16B /* PRESSUIStuffTests */,
				F2C3B6382370A3CA0094F16B /* PRESSUIStuffUITests */,
			);
		};
/* End PBXProject section */

/* Begin PBXResourcesBuildPhase section */
		F2C3B6162370A3C80094F16B /* Resources */ = {
			isa = PBXResourcesBuildPhase;
			buildActionMask = 2147483647;
			files = (
				F2C3B6282370A3C90094F16B /* LaunchScreen.storyboard in Resources */,
				F2C3B6252370A3C90094F16B /* Assets.xcassets in Resources */,
				F2C3B6232370A3C80094F16B /* Main.storyboard in Resources */,
			);
			runOnlyForDeploymentPostprocessing = 0;
		};
		F2C3B62C2370A3CA0094F16B /* Resources */ = {
			isa = PBXResourcesBuildPhase;
			buildActionMask = 2147483647;
			files = (
			);
			runOnlyForDeploymentPostprocessing = 0;
		};
		F2C3B6372370A3CA0094F16B /* Resources */ = {
			isa = PBXResourcesBuildPhase;
			buildActionMask = 2147483647;
			files = (
			);
			runOnlyForDeploymentPostprocessing = 0;
		};
/* End PBXResourcesBuildPhase section */

/* Begin PBXSourcesBuildPhase section */
		F2C3B6142370A3C80094F16B /* Sources */ = {
			isa = PBXSourcesBuildPhase;
			buildActionMask = 2147483647;
			files = (
				CA47CF2323831B9E00BB1DA6 /* WorkoutHistory.swift in Sources */,
				CADC0A3E239597E100CD028A /* WorkoutLift.swift in Sources */,
				CADC0A402395980100CD028A /* WorkoutLiftCell.swift in Sources */,
				CADC0A4423959C5D00CD028A /* AddNewLiftScreen.swift in Sources */,
				CA47CF2F2383297300BB1DA6 /* LiftHistory.swift in Sources */,
				CA47CF1F23831A0400BB1DA6 /* WorkoutHistoryListScreen.swift in Sources */,
				CA985EDA2395D72E00450921 /* LiftScreen.swift in Sources */,
				CAC2790D237CE9F2000E9AE4 /* WorkoutTemplate.swift in Sources */,
				CAC27907237CE51E000E9AE4 /* TemplateListScreen.swift in Sources */,
				CADC0A422395983800CD028A /* WorkoutScreen.swift in Sources */,
				CAC2790B237CE8BD000E9AE4 /* TemplateCell.swift in Sources */,
				CADC0A3C2395970900CD028A /* RMcalculatorViewController.swift in Sources */,
				CAC0DACA2375F5CC00A04BF6 /* RoundButton.swift in Sources */,
				F2C3B61C2370A3C80094F16B /* AppDelegate.swift in Sources */,
				F2C3B61E2370A3C80094F16B /* SceneDelegate.swift in Sources */,
				CAC27901237CDF32000E9AE4 /* LiftCell.swift in Sources */,
				CAC278FF237CDAA1000E9AE4 /* LiftListScreen.swift in Sources */,
				CAC27903237CDF9E000E9AE4 /* Lift.swift in Sources */,
				CA47CF2D238328D600BB1DA6 /* LiftHistoryCell.swift in Sources */,
				F23731452396018500D947AF /* EndShare.swift in Sources */,
				CA47CF2B2383288A00BB1DA6 /* LiftHistoryScreen.swift in Sources */,
				CA47CF2123831B2000BB1DA6 /* WorkoutHistoryCell.swift in Sources */,
			);
			runOnlyForDeploymentPostprocessing = 0;
		};
		F2C3B62A2370A3CA0094F16B /* Sources */ = {
			isa = PBXSourcesBuildPhase;
			buildActionMask = 2147483647;
			files = (
				F2C3B6332370A3CA0094F16B /* PRESSUIStuffTests.swift in Sources */,
			);
			runOnlyForDeploymentPostprocessing = 0;
		};
		F2C3B6352370A3CA0094F16B /* Sources */ = {
			isa = PBXSourcesBuildPhase;
			buildActionMask = 2147483647;
			files = (
				F2C3B63E2370A3CA0094F16B /* PRESSUIStuffUITests.swift in Sources */,
			);
			runOnlyForDeploymentPostprocessing = 0;
		};
/* End PBXSourcesBuildPhase section */

/* Begin PBXTargetDependency section */
		F2C3B6302370A3CA0094F16B /* PBXTargetDependency */ = {
			isa = PBXTargetDependency;
			target = F2C3B6172370A3C80094F16B /* PRESSUIStuff */;
			targetProxy = F2C3B62F2370A3CA0094F16B /* PBXContainerItemProxy */;
		};
		F2C3B63B2370A3CA0094F16B /* PBXTargetDependency */ = {
			isa = PBXTargetDependency;
			target = F2C3B6172370A3C80094F16B /* PRESSUIStuff */;
			targetProxy = F2C3B63A2370A3CA0094F16B /* PBXContainerItemProxy */;
		};
/* End PBXTargetDependency section */

/* Begin PBXVariantGroup section */
		F2C3B6212370A3C80094F16B /* Main.storyboard */ = {
			isa = PBXVariantGroup;
			children = (
				F2C3B6222370A3C80094F16B /* Base */,
			);
			name = Main.storyboard;
			sourceTree = "<group>";
		};
		F2C3B6262370A3C90094F16B /* LaunchScreen.storyboard */ = {
			isa = PBXVariantGroup;
			children = (
				F2C3B6272370A3C90094F16B /* Base */,
			);
			name = LaunchScreen.storyboard;
			sourceTree = "<group>";
		};
/* End PBXVariantGroup section */

/* Begin XCBuildConfiguration section */
		F2C3B6402370A3CA0094F16B /* Debug */ = {
			isa = XCBuildConfiguration;
			buildSettings = {
				ALWAYS_SEARCH_USER_PATHS = NO;
				CLANG_ANALYZER_NONNULL = YES;
				CLANG_ANALYZER_NUMBER_OBJECT_CONVERSION = YES_AGGRESSIVE;
				CLANG_CXX_LANGUAGE_STANDARD = "gnu++14";
				CLANG_CXX_LIBRARY = "libc++";
				CLANG_ENABLE_MODULES = YES;
				CLANG_ENABLE_OBJC_ARC = YES;
				CLANG_ENABLE_OBJC_WEAK = YES;
				CLANG_WARN_BLOCK_CAPTURE_AUTORELEASING = YES;
				CLANG_WARN_BOOL_CONVERSION = YES;
				CLANG_WARN_COMMA = YES;
				CLANG_WARN_CONSTANT_CONVERSION = YES;
				CLANG_WARN_DEPRECATED_OBJC_IMPLEMENTATIONS = YES;
				CLANG_WARN_DIRECT_OBJC_ISA_USAGE = YES_ERROR;
				CLANG_WARN_DOCUMENTATION_COMMENTS = YES;
				CLANG_WARN_EMPTY_BODY = YES;
				CLANG_WARN_ENUM_CONVERSION = YES;
				CLANG_WARN_INFINITE_RECURSION = YES;
				CLANG_WARN_INT_CONVERSION = YES;
				CLANG_WARN_NON_LITERAL_NULL_CONVERSION = YES;
				CLANG_WARN_OBJC_IMPLICIT_RETAIN_SELF = YES;
				CLANG_WARN_OBJC_LITERAL_CONVERSION = YES;
				CLANG_WARN_OBJC_ROOT_CLASS = YES_ERROR;
				CLANG_WARN_RANGE_LOOP_ANALYSIS = YES;
				CLANG_WARN_STRICT_PROTOTYPES = YES;
				CLANG_WARN_SUSPICIOUS_MOVE = YES;
				CLANG_WARN_UNGUARDED_AVAILABILITY = YES_AGGRESSIVE;
				CLANG_WARN_UNREACHABLE_CODE = YES;
				CLANG_WARN__DUPLICATE_METHOD_MATCH = YES;
				COPY_PHASE_STRIP = NO;
				DEBUG_INFORMATION_FORMAT = dwarf;
				ENABLE_STRICT_OBJC_MSGSEND = YES;
				ENABLE_TESTABILITY = YES;
				GCC_C_LANGUAGE_STANDARD = gnu11;
				GCC_DYNAMIC_NO_PIC = NO;
				GCC_NO_COMMON_BLOCKS = YES;
				GCC_OPTIMIZATION_LEVEL = 0;
				GCC_PREPROCESSOR_DEFINITIONS = (
					"DEBUG=1",
					"$(inherited)",
				);
				GCC_WARN_64_TO_32_BIT_CONVERSION = YES;
				GCC_WARN_ABOUT_RETURN_TYPE = YES_ERROR;
				GCC_WARN_UNDECLARED_SELECTOR = YES;
				GCC_WARN_UNINITIALIZED_AUTOS = YES_AGGRESSIVE;
				GCC_WARN_UNUSED_FUNCTION = YES;
				GCC_WARN_UNUSED_VARIABLE = YES;
				IPHONEOS_DEPLOYMENT_TARGET = 13.1;
				MTL_ENABLE_DEBUG_INFO = INCLUDE_SOURCE;
				MTL_FAST_MATH = YES;
				ONLY_ACTIVE_ARCH = YES;
				SDKROOT = iphoneos;
				SWIFT_ACTIVE_COMPILATION_CONDITIONS = DEBUG;
				SWIFT_OPTIMIZATION_LEVEL = "-Onone";
			};
			name = Debug;
		};
		F2C3B6412370A3CA0094F16B /* Release */ = {
			isa = XCBuildConfiguration;
			buildSettings = {
				ALWAYS_SEARCH_USER_PATHS = NO;
				CLANG_ANALYZER_NONNULL = YES;
				CLANG_ANALYZER_NUMBER_OBJECT_CONVERSION = YES_AGGRESSIVE;
				CLANG_CXX_LANGUAGE_STANDARD = "gnu++14";
				CLANG_CXX_LIBRARY = "libc++";
				CLANG_ENABLE_MODULES = YES;
				CLANG_ENABLE_OBJC_ARC = YES;
				CLANG_ENABLE_OBJC_WEAK = YES;
				CLANG_WARN_BLOCK_CAPTURE_AUTORELEASING = YES;
				CLANG_WARN_BOOL_CONVERSION = YES;
				CLANG_WARN_COMMA = YES;
				CLANG_WARN_CONSTANT_CONVERSION = YES;
				CLANG_WARN_DEPRECATED_OBJC_IMPLEMENTATIONS = YES;
				CLANG_WARN_DIRECT_OBJC_ISA_USAGE = YES_ERROR;
				CLANG_WARN_DOCUMENTATION_COMMENTS = YES;
				CLANG_WARN_EMPTY_BODY = YES;
				CLANG_WARN_ENUM_CONVERSION = YES;
				CLANG_WARN_INFINITE_RECURSION = YES;
				CLANG_WARN_INT_CONVERSION = YES;
				CLANG_WARN_NON_LITERAL_NULL_CONVERSION = YES;
				CLANG_WARN_OBJC_IMPLICIT_RETAIN_SELF = YES;
				CLANG_WARN_OBJC_LITERAL_CONVERSION = YES;
				CLANG_WARN_OBJC_ROOT_CLASS = YES_ERROR;
				CLANG_WARN_RANGE_LOOP_ANALYSIS = YES;
				CLANG_WARN_STRICT_PROTOTYPES = YES;
				CLANG_WARN_SUSPICIOUS_MOVE = YES;
				CLANG_WARN_UNGUARDED_AVAILABILITY = YES_AGGRESSIVE;
				CLANG_WARN_UNREACHABLE_CODE = YES;
				CLANG_WARN__DUPLICATE_METHOD_MATCH = YES;
				COPY_PHASE_STRIP = NO;
				DEBUG_INFORMATION_FORMAT = "dwarf-with-dsym";
				ENABLE_NS_ASSERTIONS = NO;
				ENABLE_STRICT_OBJC_MSGSEND = YES;
				GCC_C_LANGUAGE_STANDARD = gnu11;
				GCC_NO_COMMON_BLOCKS = YES;
				GCC_WARN_64_TO_32_BIT_CONVERSION = YES;
				GCC_WARN_ABOUT_RETURN_TYPE = YES_ERROR;
				GCC_WARN_UNDECLARED_SELECTOR = YES;
				GCC_WARN_UNINITIALIZED_AUTOS = YES_AGGRESSIVE;
				GCC_WARN_UNUSED_FUNCTION = YES;
				GCC_WARN_UNUSED_VARIABLE = YES;
				IPHONEOS_DEPLOYMENT_TARGET = 13.1;
				MTL_ENABLE_DEBUG_INFO = NO;
				MTL_FAST_MATH = YES;
				SDKROOT = iphoneos;
				SWIFT_COMPILATION_MODE = wholemodule;
				SWIFT_OPTIMIZATION_LEVEL = "-O";
				VALIDATE_PRODUCT = YES;
			};
			name = Release;
		};
		F2C3B6432370A3CA0094F16B /* Debug */ = {
			isa = XCBuildConfiguration;
			buildSettings = {
				ASSETCATALOG_COMPILER_APPICON_NAME = AppIcon;
				CODE_SIGN_STYLE = Automatic;
				INFOPLIST_FILE = PRESSUIStuff/Info.plist;
				LD_RUNPATH_SEARCH_PATHS = (
					"$(inherited)",
					"@executable_path/Frameworks",
				);
				PRODUCT_BUNDLE_IDENTIFIER = Muhlenberg.PRESSUIStuff;
				PRODUCT_NAME = "$(TARGET_NAME)";
				SWIFT_VERSION = 5.0;
				TARGETED_DEVICE_FAMILY = "1,2";
			};
			name = Debug;
		};
		F2C3B6442370A3CA0094F16B /* Release */ = {
			isa = XCBuildConfiguration;
			buildSettings = {
				ASSETCATALOG_COMPILER_APPICON_NAME = AppIcon;
				CODE_SIGN_STYLE = Automatic;
				INFOPLIST_FILE = PRESSUIStuff/Info.plist;
				LD_RUNPATH_SEARCH_PATHS = (
					"$(inherited)",
					"@executable_path/Frameworks",
				);
				PRODUCT_BUNDLE_IDENTIFIER = Muhlenberg.PRESSUIStuff;
				PRODUCT_NAME = "$(TARGET_NAME)";
				SWIFT_VERSION = 5.0;
				TARGETED_DEVICE_FAMILY = "1,2";
			};
			name = Release;
		};
		F2C3B6462370A3CA0094F16B /* Debug */ = {
			isa = XCBuildConfiguration;
			buildSettings = {
				ALWAYS_EMBED_SWIFT_STANDARD_LIBRARIES = YES;
				BUNDLE_LOADER = "$(TEST_HOST)";
				CODE_SIGN_STYLE = Automatic;
				INFOPLIST_FILE = PRESSUIStuffTests/Info.plist;
				IPHONEOS_DEPLOYMENT_TARGET = 13.1;
				LD_RUNPATH_SEARCH_PATHS = (
					"$(inherited)",
					"@executable_path/Frameworks",
					"@loader_path/Frameworks",
				);
				PRODUCT_BUNDLE_IDENTIFIER = Muhlenberg.PRESSUIStuffTests;
				PRODUCT_NAME = "$(TARGET_NAME)";
				SWIFT_VERSION = 5.0;
				TARGETED_DEVICE_FAMILY = "1,2";
				TEST_HOST = "$(BUILT_PRODUCTS_DIR)/PRESSUIStuff.app/PRESSUIStuff";
			};
			name = Debug;
		};
		F2C3B6472370A3CA0094F16B /* Release */ = {
			isa = XCBuildConfiguration;
			buildSettings = {
				ALWAYS_EMBED_SWIFT_STANDARD_LIBRARIES = YES;
				BUNDLE_LOADER = "$(TEST_HOST)";
				CODE_SIGN_STYLE = Automatic;
				INFOPLIST_FILE = PRESSUIStuffTests/Info.plist;
				IPHONEOS_DEPLOYMENT_TARGET = 13.1;
				LD_RUNPATH_SEARCH_PATHS = (
					"$(inherited)",
					"@executable_path/Frameworks",
					"@loader_path/Frameworks",
				);
				PRODUCT_BUNDLE_IDENTIFIER = Muhlenberg.PRESSUIStuffTests;
				PRODUCT_NAME = "$(TARGET_NAME)";
				SWIFT_VERSION = 5.0;
				TARGETED_DEVICE_FAMILY = "1,2";
				TEST_HOST = "$(BUILT_PRODUCTS_DIR)/PRESSUIStuff.app/PRESSUIStuff";
			};
			name = Release;
		};
		F2C3B6492370A3CA0094F16B /* Debug */ = {
			isa = XCBuildConfiguration;
			buildSettings = {
				ALWAYS_EMBED_SWIFT_STANDARD_LIBRARIES = YES;
				CODE_SIGN_STYLE = Automatic;
				INFOPLIST_FILE = PRESSUIStuffUITests/Info.plist;
				LD_RUNPATH_SEARCH_PATHS = (
					"$(inherited)",
					"@executable_path/Frameworks",
					"@loader_path/Frameworks",
				);
				PRODUCT_BUNDLE_IDENTIFIER = Muhlenberg.PRESSUIStuffUITests;
				PRODUCT_NAME = "$(TARGET_NAME)";
				SWIFT_VERSION = 5.0;
				TARGETED_DEVICE_FAMILY = "1,2";
				TEST_TARGET_NAME = PRESSUIStuff;
			};
			name = Debug;
		};
		F2C3B64A2370A3CA0094F16B /* Release */ = {
			isa = XCBuildConfiguration;
			buildSettings = {
				ALWAYS_EMBED_SWIFT_STANDARD_LIBRARIES = YES;
				CODE_SIGN_STYLE = Automatic;
				INFOPLIST_FILE = PRESSUIStuffUITests/Info.plist;
				LD_RUNPATH_SEARCH_PATHS = (
					"$(inherited)",
					"@executable_path/Frameworks",
					"@loader_path/Frameworks",
				);
				PRODUCT_BUNDLE_IDENTIFIER = Muhlenberg.PRESSUIStuffUITests;
				PRODUCT_NAME = "$(TARGET_NAME)";
				SWIFT_VERSION = 5.0;
				TARGETED_DEVICE_FAMILY = "1,2";
				TEST_TARGET_NAME = PRESSUIStuff;
			};
			name = Release;
		};
/* End XCBuildConfiguration section */

/* Begin XCConfigurationList section */
		F2C3B6132370A3C80094F16B /* Build configuration list for PBXProject "PRESSUIStuff" */ = {
			isa = XCConfigurationList;
			buildConfigurations = (
				F2C3B6402370A3CA0094F16B /* Debug */,
				F2C3B6412370A3CA0094F16B /* Release */,
			);
			defaultConfigurationIsVisible = 0;
			defaultConfigurationName = Release;
		};
		F2C3B6422370A3CA0094F16B /* Build configuration list for PBXNativeTarget "PRESSUIStuff" */ = {
			isa = XCConfigurationList;
			buildConfigurations = (
				F2C3B6432370A3CA0094F16B /* Debug */,
				F2C3B6442370A3CA0094F16B /* Release */,
			);
			defaultConfigurationIsVisible = 0;
			defaultConfigurationName = Release;
		};
		F2C3B6452370A3CA0094F16B /* Build configuration list for PBXNativeTarget "PRESSUIStuffTests" */ = {
			isa = XCConfigurationList;
			buildConfigurations = (
				F2C3B6462370A3CA0094F16B /* Debug */,
				F2C3B6472370A3CA0094F16B /* Release */,
			);
			defaultConfigurationIsVisible = 0;
			defaultConfigurationName = Release;
		};
		F2C3B6482370A3CA0094F16B /* Build configuration list for PBXNativeTarget "PRESSUIStuffUITests" */ = {
			isa = XCConfigurationList;
			buildConfigurations = (
				F2C3B6492370A3CA0094F16B /* Debug */,
				F2C3B64A2370A3CA0094F16B /* Release */,
			);
			defaultConfigurationIsVisible = 0;
			defaultConfigurationName = Release;
		};
/* End XCConfigurationList section */
	};
	rootObject = F2C3B6102370A3C80094F16B /* Project object */;
}
